
Microsoft Visual Studio Solution File, Format Version 11.00
# Visual Studio 2010
Project("{FAE04EC0-301F-11D3-BF4B-00C04F79EFBC}") = "Composing ASP.NET", "Composing ASP.NET\Composing ASP.NET.csproj", "{51B35040-6B24-4A6D-9766-6F5C02522ADC}"
EndProject
Project("{FAE04EC0-301F-11D3-BF4B-00C04F79EFBC}") = "Composing WPF", "Composing WPF\Composing WPF.csproj", "{0861130C-EE8B-468A-B6F4-A4EE64DDDC5F}"
EndProject
Project("{FAE04EC0-301F-11D3-BF4B-00C04F79EFBC}") = "Composing ASP.NET MVC", "Composing ASP.NET MVC\Composing ASP.NET MVC.csproj", "{6A096411-D7EE-4A94-8E58-14DDBC55ADB0}"
EndProject
Project("{2150E333-8FDC-42A3-9474-1A3956D46DE8}") = "Composing Applications", "Composing Applications", "{E4BB50EA-D1E9-46DD-B286-96AADACBBCCD}"
EndProject
Project("{FAE04EC0-301F-11D3-BF4B-00C04F79EFBC}") = "Blog.BusinessLogic", "Blog.BusinessLogic\Blog.BusinessLogic.csproj", "{C0AE479C-408B-4E58-960E-E29131C960A6}"
EndProject
Project("{FAE04EC0-301F-11D3-BF4B-00C04F79EFBC}") = "Blog.DataAccess", "Blog.DataAccess\Blog.DataAccess.csproj", "{2E29AEAF-A164-4101-9915-1B12DB4C7968}"
EndProject
Project("{2150E333-8FDC-42A3-9474-1A3956D46DE8}") = ".nuget", ".nuget", "{D271BBBA-6FFF-4AA7-8CFE-EE4656F16413}"
	ProjectSection(SolutionItems) = preProject
		.nuget\NuGet.exe = .nuget\NuGet.exe
		.nuget\NuGet.targets = .nuget\NuGet.targets
	EndProjectSection
EndProject
Project("{FAE04EC0-301F-11D3-BF4B-00C04F79EFBC}") = "Composing WCF", "Composing WCF\Composing WCF.csproj", "{48808DEC-DA5A-489C-9FFB-FCB5902D3329}"
EndProject
Project("{FAE04EC0-301F-11D3-BF4B-00C04F79EFBC}") = "AntiPatterns", "AntiPatterns\AntiPatterns.csproj", "{C1A3660A-4733-4B76-8563-1C076DA8B05D}"
EndProject
Project("{FAE04EC0-301F-11D3-BF4B-00C04F79EFBC}") = "Composing ASP.NET.PresentationLogic", "Composing ASP.NET.PresentationLogic\Composing ASP.NET.PresentationLogic.csproj", "{9B4185F9-C4AC-4C93-9942-C3D4E19D0AEF}"
EndProject
Global
	GlobalSection(SolutionConfigurationPlatforms) = preSolution
		Debug|Any CPU = Debug|Any CPU
		Debug|Mixed Platforms = Debug|Mixed Platforms
		Debug|x86 = Debug|x86
		Release|Any CPU = Release|Any CPU
		Release|Mixed Platforms = Release|Mixed Platforms
		Release|x86 = Release|x86
	EndGlobalSection
	GlobalSection(ProjectConfigurationPlatforms) = postSolution
		{51B35040-6B24-4A6D-9766-6F5C02522ADC}.Debug|Any CPU.ActiveCfg = Debug|Any CPU
		{51B35040-6B24-4A6D-9766-6F5C02522ADC}.Debug|Any CPU.Build.0 = Debug|Any CPU
		{51B35040-6B24-4A6D-9766-6F5C02522ADC}.Debug|Mixed Platforms.ActiveCfg = Debug|Any CPU
		{51B35040-6B24-4A6D-9766-6F5C02522ADC}.Debug|Mixed Platforms.Build.0 = Debug|Any CPU
		{51B35040-6B24-4A6D-9766-6F5C02522ADC}.Debug|x86.ActiveCfg = Debug|Any CPU
		{51B35040-6B24-4A6D-9766-6F5C02522ADC}.Release|Any CPU.ActiveCfg = Release|Any CPU
		{51B35040-6B24-4A6D-9766-6F5C02522ADC}.Release|Any CPU.Build.0 = Release|Any CPU
		{51B35040-6B24-4A6D-9766-6F5C02522ADC}.Release|Mixed Platforms.ActiveCfg = Release|Any CPU
		{51B35040-6B24-4A6D-9766-6F5C02522ADC}.Release|Mixed Platforms.Build.0 = Release|Any CPU
		{51B35040-6B24-4A6D-9766-6F5C02522ADC}.Release|x86.ActiveCfg = Release|Any CPU
		{0861130C-EE8B-468A-B6F4-A4EE64DDDC5F}.Debug|Any CPU.ActiveCfg = Debug|x86
		{0861130C-EE8B-468A-B6F4-A4EE64DDDC5F}.Debug|Mixed Platforms.ActiveCfg = Debug|x86
		{0861130C-EE8B-468A-B6F4-A4EE64DDDC5F}.Debug|Mixed Platforms.Build.0 = Debug|x86
		{0861130C-EE8B-468A-B6F4-A4EE64DDDC5F}.Debug|x86.ActiveCfg = Debug|x86
		{0861130C-EE8B-468A-B6F4-A4EE64DDDC5F}.Debug|x86.Build.0 = Debug|x86
		{0861130C-EE8B-468A-B6F4-A4EE64DDDC5F}.Release|Any CPU.ActiveCfg = Release|x86
		{0861130C-EE8B-468A-B6F4-A4EE64DDDC5F}.Release|Mixed Platforms.ActiveCfg = Release|x86
		{0861130C-EE8B-468A-B6F4-A4EE64DDDC5F}.Release|Mixed Platforms.Build.0 = Release|x86
		{0861130C-EE8B-468A-B6F4-A4EE64DDDC5F}.Release|x86.ActiveCfg = Release|x86
		{0861130C-EE8B-468A-B6F4-A4EE64DDDC5F}.Release|x86.Build.0 = Release|x86
		{6A096411-D7EE-4A94-8E58-14DDBC55ADB0}.Debug|Any CPU.ActiveCfg = Debug|Any CPU
		{6A096411-D7EE-4A94-8E58-14DDBC55ADB0}.Debug|Any CPU.Build.0 = Debug|Any CPU
		{6A096411-D7EE-4A94-8E58-14DDBC55ADB0}.Debug|Mixed Platforms.ActiveCfg = Debug|Any CPU
		{6A096411-D7EE-4A94-8E58-14DDBC55ADB0}.Debug|Mixed Platforms.Build.0 = Debug|Any CPU
		{6A096411-D7EE-4A94-8E58-14DDBC55ADB0}.Debug|x86.ActiveCfg = Debug|Any CPU
		{6A096411-D7EE-4A94-8E58-14DDBC55ADB0}.Release|Any CPU.ActiveCfg = Release|Any CPU
		{6A096411-D7EE-4A94-8E58-14DDBC55ADB0}.Release|Any CPU.Build.0 = Release|Any CPU
		{6A096411-D7EE-4A94-8E58-14DDBC55ADB0}.Release|Mixed Platforms.ActiveCfg = Release|Any CPU
		{6A096411-D7EE-4A94-8E58-14DDBC55ADB0}.Release|Mixed Platforms.Build.0 = Release|Any CPU
		{6A096411-D7EE-4A94-8E58-14DDBC55ADB0}.Release|x86.ActiveCfg = Release|Any CPU
		{C0AE479C-408B-4E58-960E-E29131C960A6}.Debug|Any CPU.ActiveCfg = Debug|Any CPU
		{C0AE479C-408B-4E58-960E-E29131C960A6}.Debug|Any CPU.Build.0 = Debug|Any CPU
		{C0AE479C-408B-4E58-960E-E29131C960A6}.Debug|Mixed Platforms.ActiveCfg = Debug|Any CPU
		{C0AE479C-408B-4E58-960E-E29131C960A6}.Debug|Mixed Platforms.Build.0 = Debug|Any CPU
		{C0AE479C-408B-4E58-960E-E29131C960A6}.Debug|x86.ActiveCfg = Debug|Any CPU
		{C0AE479C-408B-4E58-960E-E29131C960A6}.Release|Any CPU.ActiveCfg = Release|Any CPU
		{C0AE479C-408B-4E58-960E-E29131C960A6}.Release|Any CPU.Build.0 = Release|Any CPU
		{C0AE479C-408B-4E58-960E-E29131C960A6}.Release|Mixed Platforms.ActiveCfg = Release|Any CPU
		{C0AE479C-408B-4E58-960E-E29131C960A6}.Release|Mixed Platforms.Build.0 = Release|Any CPU
		{C0AE479C-408B-4E58-960E-E29131C960A6}.Release|x86.ActiveCfg = Release|Any CPU
		{2E29AEAF-A164-4101-9915-1B12DB4C7968}.Debug|Any CPU.ActiveCfg = Debug|Any CPU
		{2E29AEAF-A164-4101-9915-1B12DB4C7968}.Debug|Any CPU.Build.0 = Debug|Any CPU
		{2E29AEAF-A164-4101-9915-1B12DB4C7968}.Debug|Mixed Platforms.ActiveCfg = Debug|Any CPU
		{2E29AEAF-A164-4101-9915-1B12DB4C7968}.Debug|Mixed Platforms.Build.0 = Debug|Any CPU
		{2E29AEAF-A164-4101-9915-1B12DB4C7968}.Debug|x86.ActiveCfg = Debug|Any CPU
		{2E29AEAF-A164-4101-9915-1B12DB4C7968}.Release|Any CPU.ActiveCfg = Release|Any CPU
		{2E29AEAF-A164-4101-9915-1B12DB4C7968}.Release|Any CPU.Build.0 = Release|Any CPU
		{2E29AEAF-A164-4101-9915-1B12DB4C7968}.Release|Mixed Platforms.ActiveCfg = Release|Any CPU
		{2E29AEAF-A164-4101-9915-1B12DB4C7968}.Release|Mixed Platforms.Build.0 = Release|Any CPU
		{2E29AEAF-A164-4101-9915-1B12DB4C7968}.Release|x86.ActiveCfg = Release|Any CPU
		{48808DEC-DA5A-489C-9FFB-FCB5902D3329}.Debug|Any CPU.ActiveCfg = Debug|Any CPU
		{48808DEC-DA5A-489C-9FFB-FCB5902D3329}.Debug|Any CPU.Build.0 = Debug|Any CPU
		{48808DEC-DA5A-489C-9FFB-FCB5902D3329}.Debug|Mixed Platforms.ActiveCfg = Debug|Any CPU
		{48808DEC-DA5A-489C-9FFB-FCB5902D3329}.Debug|Mixed Platforms.Build.0 = Debug|Any CPU
		{48808DEC-DA5A-489C-9FFB-FCB5902D3329}.Debug|x86.ActiveCfg = Debug|Any CPU
		{48808DEC-DA5A-489C-9FFB-FCB5902D3329}.Release|Any CPU.ActiveCfg = Release|Any CPU
		{48808DEC-DA5A-489C-9FFB-FCB5902D3329}.Release|Any CPU.Build.0 = Release|Any CPU
		{48808DEC-DA5A-489C-9FFB-FCB5902D3329}.Release|Mixed Platforms.ActiveCfg = Release|Any CPU
		{48808DEC-DA5A-489C-9FFB-FCB5902D3329}.Release|Mixed Platforms.Build.0 = Release|Any CPU
		{48808DEC-DA5A-489C-9FFB-FCB5902D3329}.Release|x86.ActiveCfg = Release|Any CPU
		{C1A3660A-4733-4B76-8563-1C076DA8B05D}.Debug|Any CPU.ActiveCfg = Debug|Any CPU
		{C1A3660A-4733-4B76-8563-1C076DA8B05D}.Debug|Any CPU.Build.0 = Debug|Any CPU
		{C1A3660A-4733-4B76-8563-1C076DA8B05D}.Debug|Mixed Platforms.ActiveCfg = Debug|Any CPU
		{C1A3660A-4733-4B76-8563-1C076DA8B05D}.Debug|Mixed Platforms.Build.0 = Debug|Any CPU
		{C1A3660A-4733-4B76-8563-1C076DA8B05D}.Debug|x86.ActiveCfg = Debug|Any CPU
		{C1A3660A-4733-4B76-8563-1C076DA8B05D}.Release|Any CPU.ActiveCfg = Release|Any CPU
		{C1A3660A-4733-4B76-8563-1C076DA8B05D}.Release|Any CPU.Build.0 = Release|Any CPU
		{C1A3660A-4733-4B76-8563-1C076DA8B05D}.Release|Mixed Platforms.ActiveCfg = Release|Any CPU
		{C1A3660A-4733-4B76-8563-1C076DA8B05D}.Release|Mixed Platforms.Build.0 = Release|Any CPU
		{C1A3660A-4733-4B76-8563-1C076DA8B05D}.Release|x86.ActiveCfg = Release|Any CPU
		{9B4185F9-C4AC-4C93-9942-C3D4E19D0AEF}.Debug|Any CPU.ActiveCfg = Debug|Any CPU
		{9B4185F9-C4AC-4C93-9942-C3D4E19D0AEF}.Debug|Any CPU.Build.0 = Debug|Any CPU
		{9B4185F9-C4AC-4C93-9942-C3D4E19D0AEF}.Debug|Mixed Platforms.ActiveCfg = Debug|Any CPU
		{9B4185F9-C4AC-4C93-9942-C3D4E19D0AEF}.Debug|Mixed Platforms.Build.0 = Debug|Any CPU
		{9B4185F9-C4AC-4C93-9942-C3D4E19D0AEF}.Debug|x86.ActiveCfg = Debug|Any CPU
		{9B4185F9-C4AC-4C93-9942-C3D4E19D0AEF}.Release|Any CPU.ActiveCfg = Release|Any CPU
		{9B4185F9-C4AC-4C93-9942-C3D4E19D0AEF}.Release|Any CPU.Build.0 = Release|Any CPU
		{9B4185F9-C4AC-4C93-9942-C3D4E19D0AEF}.Release|Mixed Platforms.ActiveCfg = Release|Any CPU
		{9B4185F9-C4AC-4C93-9942-C3D4E19D0AEF}.Release|Mixed Platforms.Build.0 = Release|Any CPU
		{9B4185F9-C4AC-4C93-9942-C3D4E19D0AEF}.Release|x86.ActiveCfg = Release|Any CPU
	EndGlobalSection
	GlobalSection(SolutionProperties) = preSolution
		HideSolutionNode = FALSE
	EndGlobalSection
	GlobalSection(NestedProjects) = preSolution
		{0861130C-EE8B-468A-B6F4-A4EE64DDDC5F} = {E4BB50EA-D1E9-46DD-B286-96AADACBBCCD}
		{6A096411-D7EE-4A94-8E58-14DDBC55ADB0} = {E4BB50EA-D1E9-46DD-B286-96AADACBBCCD}
		{51B35040-6B24-4A6D-9766-6F5C02522ADC} = {E4BB50EA-D1E9-46DD-B286-96AADACBBCCD}
		{48808DEC-DA5A-489C-9FFB-FCB5902D3329} = {E4BB50EA-D1E9-46DD-B286-96AADACBBCCD}
		{9B4185F9-C4AC-4C93-9942-C3D4E19D0AEF} = {E4BB50EA-D1E9-46DD-B286-96AADACBBCCD}
	EndGlobalSection
EndGlobal
