
Microsoft Visual Studio Solution File, Format Version 11.00
# Visual Studio 2010
Project("{FAE04EC0-301F-11D3-BF4B-00C04F79EFBC}") = "Composing ASP.NET", "Composing ASP.NET\Composing ASP.NET.csproj", "{51B35040-6B24-4A6D-9766-6F5C02522ADC}"
EndProject
Global
	GlobalSection(SolutionConfigurationPlatforms) = preSolution
		Debug|Any CPU = Debug|Any CPU
		Release|Any CPU = Release|Any CPU
	EndGlobalSection
	GlobalSection(ProjectConfigurationPlatforms) = postSolution
		{51B35040-6B24-4A6D-9766-6F5C02522ADC}.Debug|Any CPU.ActiveCfg = Debug|Any CPU
		{51B35040-6B24-4A6D-9766-6F5C02522ADC}.Debug|Any CPU.Build.0 = Debug|Any CPU
		{51B35040-6B24-4A6D-9766-6F5C02522ADC}.Release|Any CPU.ActiveCfg = Release|Any CPU
		{51B35040-6B24-4A6D-9766-6F5C02522ADC}.Release|Any CPU.Build.0 = Release|Any CPU
	EndGlobalSection
	GlobalSection(SolutionProperties) = preSolution
		HideSolutionNode = FALSE
	EndGlobalSection
EndGlobal
